// !$*UTF8*$!
{
	archiveVersion = 1;
	classes = {
	};
	objectVersion = 56;
	objects = {

/* Begin PBXBuildFile section */
		502F0BC228E790F9009CE053 /* Cryptor.framework in Frameworks */ = {isa = PBXBuildFile; fileRef = 502F0BB928E790F9009CE053 /* Cryptor.framework */; };
		502F0BC828E790FA009CE053 /* Cryptor.h in Headers */ = {isa = PBXBuildFile; fileRef = 502F0BBC28E790F9009CE053 /* Cryptor.h */; settings = {ATTRIBUTES = (Public, ); }; };
		502F0BDF28E7912F009CE053 /* Random.swift in Sources */ = {isa = PBXBuildFile; fileRef = 502F0BD328E7912F009CE053 /* Random.swift */; };
		502F0BE028E7912F009CE053 /* Utilities.swift in Sources */ = {isa = PBXBuildFile; fileRef = 502F0BD428E7912F009CE053 /* Utilities.swift */; };
		502F0BE128E7912F009CE053 /* StreamCryptor.swift in Sources */ = {isa = PBXBuildFile; fileRef = 502F0BD528E7912F009CE053 /* StreamCryptor.swift */; };
		502F0BE228E7912F009CE053 /* HMAC.swift in Sources */ = {isa = PBXBuildFile; fileRef = 502F0BD628E7912F009CE053 /* HMAC.swift */; };
		502F0BE328E7912F009CE053 /* Digest.swift in Sources */ = {isa = PBXBuildFile; fileRef = 502F0BD728E7912F009CE053 /* Digest.swift */; };
		502F0BE428E7912F009CE053 /* Crypto.swift in Sources */ = {isa = PBXBuildFile; fileRef = 502F0BD828E7912F009CE053 /* Crypto.swift */; };
		502F0BE528E7912F009CE053 /* Cryptor.swift in Sources */ = {isa = PBXBuildFile; fileRef = 502F0BD928E7912F009CE053 /* Cryptor.swift */; };
		502F0BE628E7912F009CE053 /* Updatable.swift in Sources */ = {isa = PBXBuildFile; fileRef = 502F0BDA28E7912F009CE053 /* Updatable.swift */; };
		502F0BE728E7912F009CE053 /* SSLPointerTricks.swift in Sources */ = {isa = PBXBuildFile; fileRef = 502F0BDB28E7912F009CE053 /* SSLPointerTricks.swift */; };
		502F0BE828E7912F009CE053 /* Status.swift in Sources */ = {isa = PBXBuildFile; fileRef = 502F0BDC28E7912F009CE053 /* Status.swift */; };
		502F0BE928E7912F009CE053 /* KeyDerivation.swift in Sources */ = {isa = PBXBuildFile; fileRef = 502F0BDD28E7912F009CE053 /* KeyDerivation.swift */; };
		502F0BF128E7913A009CE053 /* CryptorTests.swift in Sources */ = {isa = PBXBuildFile; fileRef = 502F0BEE28E7913A009CE053 /* CryptorTests.swift */; };
		502F0BF228E7913A009CE053 /* Info.plist in Resources */ = {isa = PBXBuildFile; fileRef = 502F0BEF28E7913A009CE053 /* Info.plist */; };
		502F0C0428E791F3009CE053 /* Cryptor_iOS.framework in Frameworks */ = {isa = PBXBuildFile; fileRef = 502F0BFC28E791F2009CE053 /* Cryptor_iOS.framework */; };
		502F0C0928E791F3009CE053 /* Cryptor_iOSTests.swift in Sources */ = {isa = PBXBuildFile; fileRef = 502F0C0828E791F3009CE053 /* Cryptor_iOSTests.swift */; };
		502F0C0A28E791F3009CE053 /* Cryptor_iOS.h in Headers */ = {isa = PBXBuildFile; fileRef = 502F0BFE28E791F2009CE053 /* Cryptor_iOS.h */; settings = {ATTRIBUTES = (Public, ); }; };
/* End PBXBuildFile section */

/* Begin PBXContainerItemProxy section */
		502F0BC328E790F9009CE053 /* PBXContainerItemProxy */ = {
			isa = PBXContainerItemProxy;
			containerPortal = 502F0BB028E790F9009CE053 /* Project object */;
			proxyType = 1;
			remoteGlobalIDString = 502F0BB828E790F9009CE053;
			remoteInfo = BlueCryptor;
		};
		502F0C0528E791F3009CE053 /* PBXContainerItemProxy */ = {
			isa = PBXContainerItemProxy;
			containerPortal = 502F0BB028E790F9009CE053 /* Project object */;
			proxyType = 1;
			remoteGlobalIDString = 502F0BFB28E791F2009CE053;
			remoteInfo = "Cryptor-iOS";
		};
/* End PBXContainerItemProxy section */

/* Begin PBXFileReference section */
		502F0BB928E790F9009CE053 /* Cryptor.framework */ = {isa = PBXFileReference; explicitFileType = wrapper.framework; includeInIndex = 0; path = Cryptor.framework; sourceTree = BUILT_PRODUCTS_DIR; };
		502F0BBC28E790F9009CE053 /* Cryptor.h */ = {isa = PBXFileReference; lastKnownFileType = sourcecode.c.h; path = Cryptor.h; sourceTree = "<group>"; };
		502F0BC128E790F9009CE053 /* CryptorTests.xctest */ = {isa = PBXFileReference; explicitFileType = wrapper.cfbundle; includeInIndex = 0; path = CryptorTests.xctest; sourceTree = BUILT_PRODUCTS_DIR; };
		502F0BD328E7912F009CE053 /* Random.swift */ = {isa = PBXFileReference; fileEncoding = 4; lastKnownFileType = sourcecode.swift; path = Random.swift; sourceTree = "<group>"; };
		502F0BD428E7912F009CE053 /* Utilities.swift */ = {isa = PBXFileReference; fileEncoding = 4; lastKnownFileType = sourcecode.swift; path = Utilities.swift; sourceTree = "<group>"; };
		502F0BD528E7912F009CE053 /* StreamCryptor.swift */ = {isa = PBXFileReference; fileEncoding = 4; lastKnownFileType = sourcecode.swift; path = StreamCryptor.swift; sourceTree = "<group>"; };
		502F0BD628E7912F009CE053 /* HMAC.swift */ = {isa = PBXFileReference; fileEncoding = 4; lastKnownFileType = sourcecode.swift; path = HMAC.swift; sourceTree = "<group>"; };
		502F0BD728E7912F009CE053 /* Digest.swift */ = {isa = PBXFileReference; fileEncoding = 4; lastKnownFileType = sourcecode.swift; path = Digest.swift; sourceTree = "<group>"; };
		502F0BD828E7912F009CE053 /* Crypto.swift */ = {isa = PBXFileReference; fileEncoding = 4; lastKnownFileType = sourcecode.swift; path = Crypto.swift; sourceTree = "<group>"; };
		502F0BD928E7912F009CE053 /* Cryptor.swift */ = {isa = PBXFileReference; fileEncoding = 4; lastKnownFileType = sourcecode.swift; path = Cryptor.swift; sourceTree = "<group>"; };
		502F0BDA28E7912F009CE053 /* Updatable.swift */ = {isa = PBXFileReference; fileEncoding = 4; lastKnownFileType = sourcecode.swift; path = Updatable.swift; sourceTree = "<group>"; };
		502F0BDB28E7912F009CE053 /* SSLPointerTricks.swift */ = {isa = PBXFileReference; fileEncoding = 4; lastKnownFileType = sourcecode.swift; path = SSLPointerTricks.swift; sourceTree = "<group>"; };
		502F0BDC28E7912F009CE053 /* Status.swift */ = {isa = PBXFileReference; fileEncoding = 4; lastKnownFileType = sourcecode.swift; path = Status.swift; sourceTree = "<group>"; };
		502F0BDD28E7912F009CE053 /* KeyDerivation.swift */ = {isa = PBXFileReference; fileEncoding = 4; lastKnownFileType = sourcecode.swift; path = KeyDerivation.swift; sourceTree = "<group>"; };
		502F0BDE28E7912F009CE053 /* Info.plist */ = {isa = PBXFileReference; fileEncoding = 4; lastKnownFileType = text.plist.xml; path = Info.plist; sourceTree = "<group>"; };
		502F0BEC28E7913A009CE053 /* LinuxMain.swift */ = {isa = PBXFileReference; fileEncoding = 4; lastKnownFileType = sourcecode.swift; path = LinuxMain.swift; sourceTree = "<group>"; };
		502F0BEE28E7913A009CE053 /* CryptorTests.swift */ = {isa = PBXFileReference; fileEncoding = 4; lastKnownFileType = sourcecode.swift; path = CryptorTests.swift; sourceTree = "<group>"; };
		502F0BEF28E7913A009CE053 /* Info.plist */ = {isa = PBXFileReference; fileEncoding = 4; lastKnownFileType = text.plist.xml; path = Info.plist; sourceTree = "<group>"; };
		502F0BF328E7914B009CE053 /* BlueCryptor.podspec */ = {isa = PBXFileReference; lastKnownFileType = text; path = BlueCryptor.podspec; sourceTree = "<group>"; };
		502F0BF428E7914B009CE053 /* Package.swift */ = {isa = PBXFileReference; lastKnownFileType = sourcecode.swift; path = Package.swift; sourceTree = "<group>"; };
		502F0BF528E7914C009CE053 /* LICENSE */ = {isa = PBXFileReference; lastKnownFileType = text; path = LICENSE; sourceTree = "<group>"; };
		502F0BF628E7914C009CE053 /* README.md */ = {isa = PBXFileReference; lastKnownFileType = net.daringfireball.markdown; path = README.md; sourceTree = "<group>"; };
		502F0BFC28E791F2009CE053 /* Cryptor_iOS.framework */ = {isa = PBXFileReference; explicitFileType = wrapper.framework; includeInIndex = 0; path = Cryptor_iOS.framework; sourceTree = BUILT_PRODUCTS_DIR; };
		502F0BFE28E791F2009CE053 /* Cryptor_iOS.h */ = {isa = PBXFileReference; lastKnownFileType = sourcecode.c.h; path = Cryptor_iOS.h; sourceTree = "<group>"; };
		502F0C0328E791F3009CE053 /* Cryptor-iOSTests.xctest */ = {isa = PBXFileReference; explicitFileType = wrapper.cfbundle; includeInIndex = 0; path = "Cryptor-iOSTests.xctest"; sourceTree = BUILT_PRODUCTS_DIR; };
		502F0C0828E791F3009CE053 /* Cryptor_iOSTests.swift */ = {isa = PBXFileReference; lastKnownFileType = sourcecode.swift; path = Cryptor_iOSTests.swift; sourceTree = "<group>"; };
		502F0C1128E792D8009CE053 /* CryptorTests.xctestplan */ = {isa = PBXFileReference; lastKnownFileType = text; path = CryptorTests.xctestplan; sourceTree = "<group>"; };
/* End PBXFileReference section */

/* Begin PBXFrameworksBuildPhase section */
		502F0BB628E790F9009CE053 /* Frameworks */ = {
			isa = PBXFrameworksBuildPhase;
			buildActionMask = 2147483647;
			files = (
			);
			runOnlyForDeploymentPostprocessing = 0;
		};
		502F0BBE28E790F9009CE053 /* Frameworks */ = {
			isa = PBXFrameworksBuildPhase;
			buildActionMask = 2147483647;
			files = (
				502F0BC228E790F9009CE053 /* Cryptor.framework in Frameworks */,
			);
			runOnlyForDeploymentPostprocessing = 0;
		};
		502F0BF928E791F2009CE053 /* Frameworks */ = {
			isa = PBXFrameworksBuildPhase;
			buildActionMask = 2147483647;
			files = (
			);
			runOnlyForDeploymentPostprocessing = 0;
		};
		502F0C0028E791F3009CE053 /* Frameworks */ = {
			isa = PBXFrameworksBuildPhase;
			buildActionMask = 2147483647;
			files = (
				502F0C0428E791F3009CE053 /* Cryptor_iOS.framework in Frameworks */,
			);
			runOnlyForDeploymentPostprocessing = 0;
		};
/* End PBXFrameworksBuildPhase section */

/* Begin PBXGroup section */
		502F0BAF28E790F9009CE053 = {
			isa = PBXGroup;
			children = (
				502F0BD128E7912F009CE053 /* Sources */,
				502F0BEB28E7913A009CE053 /* Tests */,
				502F0BBB28E790F9009CE053 /* Cryptor */,
				502F0BFD28E791F2009CE053 /* Cryptor-iOS */,
				502F0BF328E7914B009CE053 /* BlueCryptor.podspec */,
				502F0BF528E7914C009CE053 /* LICENSE */,
				502F0BF428E7914B009CE053 /* Package.swift */,
				502F0BF628E7914C009CE053 /* README.md */,
				502F0BBA28E790F9009CE053 /* Products */,
			);
			sourceTree = "<group>";
		};
		502F0BBA28E790F9009CE053 /* Products */ = {
			isa = PBXGroup;
			children = (
				502F0BB928E790F9009CE053 /* Cryptor.framework */,
				502F0BC128E790F9009CE053 /* CryptorTests.xctest */,
				502F0BFC28E791F2009CE053 /* Cryptor_iOS.framework */,
				502F0C0328E791F3009CE053 /* Cryptor-iOSTests.xctest */,
			);
			name = Products;
			sourceTree = "<group>";
		};
		502F0BBB28E790F9009CE053 /* Cryptor */ = {
			isa = PBXGroup;
			children = (
				502F0BBC28E790F9009CE053 /* Cryptor.h */,
			);
			path = Cryptor;
			sourceTree = "<group>";
		};
		502F0BD128E7912F009CE053 /* Sources */ = {
			isa = PBXGroup;
			children = (
				502F0BD228E7912F009CE053 /* Cryptor */,
			);
			path = Sources;
			sourceTree = "<group>";
		};
		502F0BD228E7912F009CE053 /* Cryptor */ = {
			isa = PBXGroup;
			children = (
				502F0BD328E7912F009CE053 /* Random.swift */,
				502F0BD428E7912F009CE053 /* Utilities.swift */,
				502F0BD528E7912F009CE053 /* StreamCryptor.swift */,
				502F0BD628E7912F009CE053 /* HMAC.swift */,
				502F0BD728E7912F009CE053 /* Digest.swift */,
				502F0BD828E7912F009CE053 /* Crypto.swift */,
				502F0BD928E7912F009CE053 /* Cryptor.swift */,
				502F0BDA28E7912F009CE053 /* Updatable.swift */,
				502F0BDB28E7912F009CE053 /* SSLPointerTricks.swift */,
				502F0BDC28E7912F009CE053 /* Status.swift */,
				502F0BDD28E7912F009CE053 /* KeyDerivation.swift */,
				502F0BDE28E7912F009CE053 /* Info.plist */,
			);
			path = Cryptor;
			sourceTree = "<group>";
		};
		502F0BEB28E7913A009CE053 /* Tests */ = {
			isa = PBXGroup;
			children = (
				502F0BEC28E7913A009CE053 /* LinuxMain.swift */,
				502F0BED28E7913A009CE053 /* CryptorTests */,
				502F0C0728E791F3009CE053 /* Cryptor-iOSTests */,
			);
			path = Tests;
			sourceTree = "<group>";
		};
		502F0BED28E7913A009CE053 /* CryptorTests */ = {
			isa = PBXGroup;
			children = (
				502F0C1128E792D8009CE053 /* CryptorTests.xctestplan */,
				502F0BEE28E7913A009CE053 /* CryptorTests.swift */,
				502F0BEF28E7913A009CE053 /* Info.plist */,
			);
			path = CryptorTests;
			sourceTree = "<group>";
		};
		502F0BFD28E791F2009CE053 /* Cryptor-iOS */ = {
			isa = PBXGroup;
			children = (
				502F0BFE28E791F2009CE053 /* Cryptor_iOS.h */,
			);
			path = "Cryptor-iOS";
			sourceTree = "<group>";
		};
		502F0C0728E791F3009CE053 /* Cryptor-iOSTests */ = {
			isa = PBXGroup;
			children = (
				502F0C0828E791F3009CE053 /* Cryptor_iOSTests.swift */,
			);
			path = "Cryptor-iOSTests";
			sourceTree = "<group>";
		};
/* End PBXGroup section */

/* Begin PBXHeadersBuildPhase section */
		502F0BB428E790F9009CE053 /* Headers */ = {
			isa = PBXHeadersBuildPhase;
			buildActionMask = 2147483647;
			files = (
				502F0BC828E790FA009CE053 /* Cryptor.h in Headers */,
			);
			runOnlyForDeploymentPostprocessing = 0;
		};
		502F0BF728E791F2009CE053 /* Headers */ = {
			isa = PBXHeadersBuildPhase;
			buildActionMask = 2147483647;
			files = (
				502F0C0A28E791F3009CE053 /* Cryptor_iOS.h in Headers */,
			);
			runOnlyForDeploymentPostprocessing = 0;
		};
/* End PBXHeadersBuildPhase section */

/* Begin PBXNativeTarget section */
		502F0BB828E790F9009CE053 /* Cryptor */ = {
			isa = PBXNativeTarget;
			buildConfigurationList = 502F0BCB28E790FA009CE053 /* Build configuration list for PBXNativeTarget "Cryptor" */;
			buildPhases = (
				502F0BB428E790F9009CE053 /* Headers */,
				502F0BB528E790F9009CE053 /* Sources */,
				502F0BB628E790F9009CE053 /* Frameworks */,
				502F0BB728E790F9009CE053 /* Resources */,
			);
			buildRules = (
			);
			dependencies = (
			);
			name = Cryptor;
			productName = BlueCryptor;
			productReference = 502F0BB928E790F9009CE053 /* Cryptor.framework */;
			productType = "com.apple.product-type.framework";
		};
		502F0BC028E790F9009CE053 /* CryptorTests */ = {
			isa = PBXNativeTarget;
			buildConfigurationList = 502F0BCE28E790FA009CE053 /* Build configuration list for PBXNativeTarget "CryptorTests" */;
			buildPhases = (
				502F0BBD28E790F9009CE053 /* Sources */,
				502F0BBE28E790F9009CE053 /* Frameworks */,
				502F0BBF28E790F9009CE053 /* Resources */,
			);
			buildRules = (
			);
			dependencies = (
				502F0BC428E790F9009CE053 /* PBXTargetDependency */,
			);
			name = CryptorTests;
			productName = BlueCryptorTests;
			productReference = 502F0BC128E790F9009CE053 /* CryptorTests.xctest */;
			productType = "com.apple.product-type.bundle.unit-test";
		};
		502F0BFB28E791F2009CE053 /* Cryptor-iOS */ = {
			isa = PBXNativeTarget;
			buildConfigurationList = 502F0C0B28E791F3009CE053 /* Build configuration list for PBXNativeTarget "Cryptor-iOS" */;
			buildPhases = (
				502F0BF728E791F2009CE053 /* Headers */,
				502F0BF828E791F2009CE053 /* Sources */,
				502F0BF928E791F2009CE053 /* Frameworks */,
				502F0BFA28E791F2009CE053 /* Resources */,
			);
			buildRules = (
			);
			dependencies = (
			);
			name = "Cryptor-iOS";
			productName = "Cryptor-iOS";
			productReference = 502F0BFC28E791F2009CE053 /* Cryptor_iOS.framework */;
			productType = "com.apple.product-type.framework";
		};
		502F0C0228E791F3009CE053 /* Cryptor-iOSTests */ = {
			isa = PBXNativeTarget;
			buildConfigurationList = 502F0C0E28E791F3009CE053 /* Build configuration list for PBXNativeTarget "Cryptor-iOSTests" */;
			buildPhases = (
				502F0BFF28E791F3009CE053 /* Sources */,
				502F0C0028E791F3009CE053 /* Frameworks */,
				502F0C0128E791F3009CE053 /* Resources */,
			);
			buildRules = (
			);
			dependencies = (
				502F0C0628E791F3009CE053 /* PBXTargetDependency */,
			);
			name = "Cryptor-iOSTests";
			productName = "Cryptor-iOSTests";
			productReference = 502F0C0328E791F3009CE053 /* Cryptor-iOSTests.xctest */;
			productType = "com.apple.product-type.bundle.unit-test";
		};
/* End PBXNativeTarget section */

/* Begin PBXProject section */
		502F0BB028E790F9009CE053 /* Project object */ = {
			isa = PBXProject;
			attributes = {
				BuildIndependentTargetsInParallel = 1;
				LastSwiftUpdateCheck = 1410;
				LastUpgradeCheck = 1410;
				TargetAttributes = {
					502F0BB828E790F9009CE053 = {
						CreatedOnToolsVersion = 14.1;
					};
					502F0BC028E790F9009CE053 = {
						CreatedOnToolsVersion = 14.1;
					};
					502F0BFB28E791F2009CE053 = {
						CreatedOnToolsVersion = 14.1;
					};
					502F0C0228E791F3009CE053 = {
						CreatedOnToolsVersion = 14.1;
					};
				};
			};
			buildConfigurationList = 502F0BB328E790F9009CE053 /* Build configuration list for PBXProject "BlueCryptor" */;
			compatibilityVersion = "Xcode 14.0";
			developmentRegion = en;
			hasScannedForEncodings = 0;
			knownRegions = (
				en,
				Base,
			);
			mainGroup = 502F0BAF28E790F9009CE053;
			productRefGroup = 502F0BBA28E790F9009CE053 /* Products */;
			projectDirPath = "";
			projectRoot = "";
			targets = (
				502F0BB828E790F9009CE053 /* Cryptor */,
				502F0BC028E790F9009CE053 /* CryptorTests */,
				502F0BFB28E791F2009CE053 /* Cryptor-iOS */,
				502F0C0228E791F3009CE053 /* Cryptor-iOSTests */,
			);
		};
/* End PBXProject section */

/* Begin PBXResourcesBuildPhase section */
		502F0BB728E790F9009CE053 /* Resources */ = {
			isa = PBXResourcesBuildPhase;
			buildActionMask = 2147483647;
			files = (
			);
			runOnlyForDeploymentPostprocessing = 0;
		};
		502F0BBF28E790F9009CE053 /* Resources */ = {
			isa = PBXResourcesBuildPhase;
			buildActionMask = 2147483647;
			files = (
				502F0BF228E7913A009CE053 /* Info.plist in Resources */,
			);
			runOnlyForDeploymentPostprocessing = 0;
		};
		502F0BFA28E791F2009CE053 /* Resources */ = {
			isa = PBXResourcesBuildPhase;
			buildActionMask = 2147483647;
			files = (
			);
			runOnlyForDeploymentPostprocessing = 0;
		};
		502F0C0128E791F3009CE053 /* Resources */ = {
			isa = PBXResourcesBuildPhase;
			buildActionMask = 2147483647;
			files = (
			);
			runOnlyForDeploymentPostprocessing = 0;
		};
/* End PBXResourcesBuildPhase section */

/* Begin PBXSourcesBuildPhase section */
		502F0BB528E790F9009CE053 /* Sources */ = {
			isa = PBXSourcesBuildPhase;
			buildActionMask = 2147483647;
			files = (
				502F0BE428E7912F009CE053 /* Crypto.swift in Sources */,
				502F0BE828E7912F009CE053 /* Status.swift in Sources */,
				502F0BE028E7912F009CE053 /* Utilities.swift in Sources */,
				502F0BE328E7912F009CE053 /* Digest.swift in Sources */,
				502F0BE128E7912F009CE053 /* StreamCryptor.swift in Sources */,
				502F0BE628E7912F009CE053 /* Updatable.swift in Sources */,
				502F0BE728E7912F009CE053 /* SSLPointerTricks.swift in Sources */,
				502F0BE528E7912F009CE053 /* Cryptor.swift in Sources */,
				502F0BE928E7912F009CE053 /* KeyDerivation.swift in Sources */,
				502F0BE228E7912F009CE053 /* HMAC.swift in Sources */,
				502F0BDF28E7912F009CE053 /* Random.swift in Sources */,
			);
			runOnlyForDeploymentPostprocessing = 0;
		};
		502F0BBD28E790F9009CE053 /* Sources */ = {
			isa = PBXSourcesBuildPhase;
			buildActionMask = 2147483647;
			files = (
				502F0BF128E7913A009CE053 /* CryptorTests.swift in Sources */,
			);
			runOnlyForDeploymentPostprocessing = 0;
		};
		502F0BF828E791F2009CE053 /* Sources */ = {
			isa = PBXSourcesBuildPhase;
			buildActionMask = 2147483647;
			files = (
			);
			runOnlyForDeploymentPostprocessing = 0;
		};
		502F0BFF28E791F3009CE053 /* Sources */ = {
			isa = PBXSourcesBuildPhase;
			buildActionMask = 2147483647;
			files = (
				502F0C0928E791F3009CE053 /* Cryptor_iOSTests.swift in Sources */,
			);
			runOnlyForDeploymentPostprocessing = 0;
		};
/* End PBXSourcesBuildPhase section */

/* Begin PBXTargetDependency section */
		502F0BC428E790F9009CE053 /* PBXTargetDependency */ = {
			isa = PBXTargetDependency;
			target = 502F0BB828E790F9009CE053 /* Cryptor */;
			targetProxy = 502F0BC328E790F9009CE053 /* PBXContainerItemProxy */;
		};
		502F0C0628E791F3009CE053 /* PBXTargetDependency */ = {
			isa = PBXTargetDependency;
			target = 502F0BFB28E791F2009CE053 /* Cryptor-iOS */;
			targetProxy = 502F0C0528E791F3009CE053 /* PBXContainerItemProxy */;
		};
/* End PBXTargetDependency section */

/* Begin XCBuildConfiguration section */
		502F0BC928E790FA009CE053 /* Debug */ = {
			isa = XCBuildConfiguration;
			buildSettings = {
				ALWAYS_SEARCH_USER_PATHS = NO;
				CLANG_ANALYZER_NONNULL = YES;
				CLANG_ANALYZER_NUMBER_OBJECT_CONVERSION = YES_AGGRESSIVE;
				CLANG_CXX_LANGUAGE_STANDARD = "gnu++20";
				CLANG_ENABLE_MODULES = YES;
				CLANG_ENABLE_OBJC_ARC = YES;
				CLANG_ENABLE_OBJC_WEAK = YES;
				CLANG_WARN_BLOCK_CAPTURE_AUTORELEASING = YES;
				CLANG_WARN_BOOL_CONVERSION = YES;
				CLANG_WARN_COMMA = YES;
				CLANG_WARN_CONSTANT_CONVERSION = YES;
				CLANG_WARN_DEPRECATED_OBJC_IMPLEMENTATIONS = YES;
				CLANG_WARN_DIRECT_OBJC_ISA_USAGE = YES_ERROR;
				CLANG_WARN_DOCUMENTATION_COMMENTS = YES;
				CLANG_WARN_EMPTY_BODY = YES;
				CLANG_WARN_ENUM_CONVERSION = YES;
				CLANG_WARN_INFINITE_RECURSION = YES;
				CLANG_WARN_INT_CONVERSION = YES;
				CLANG_WARN_NON_LITERAL_NULL_CONVERSION = YES;
				CLANG_WARN_OBJC_IMPLICIT_RETAIN_SELF = YES;
				CLANG_WARN_OBJC_LITERAL_CONVERSION = YES;
				CLANG_WARN_OBJC_ROOT_CLASS = YES_ERROR;
				CLANG_WARN_QUOTED_INCLUDE_IN_FRAMEWORK_HEADER = YES;
				CLANG_WARN_RANGE_LOOP_ANALYSIS = YES;
				CLANG_WARN_STRICT_PROTOTYPES = YES;
				CLANG_WARN_SUSPICIOUS_MOVE = YES;
				CLANG_WARN_UNGUARDED_AVAILABILITY = YES_AGGRESSIVE;
				CLANG_WARN_UNREACHABLE_CODE = YES;
				CLANG_WARN__DUPLICATE_METHOD_MATCH = YES;
				COPY_PHASE_STRIP = NO;
				CURRENT_PROJECT_VERSION = 1;
				DEBUG_INFORMATION_FORMAT = dwarf;
				ENABLE_STRICT_OBJC_MSGSEND = YES;
				ENABLE_TESTABILITY = YES;
				GCC_C_LANGUAGE_STANDARD = gnu11;
				GCC_DYNAMIC_NO_PIC = NO;
				GCC_NO_COMMON_BLOCKS = YES;
				GCC_OPTIMIZATION_LEVEL = 0;
				GCC_PREPROCESSOR_DEFINITIONS = (
					"DEBUG=1",
					"$(inherited)",
				);
				GCC_WARN_64_TO_32_BIT_CONVERSION = YES;
				GCC_WARN_ABOUT_RETURN_TYPE = YES_ERROR;
				GCC_WARN_UNDECLARED_SELECTOR = YES;
				GCC_WARN_UNINITIALIZED_AUTOS = YES_AGGRESSIVE;
				GCC_WARN_UNUSED_FUNCTION = YES;
				GCC_WARN_UNUSED_VARIABLE = YES;
				IPHONEOS_DEPLOYMENT_TARGET = 14.5;
				MACOSX_DEPLOYMENT_TARGET = 11.5;
				MTL_ENABLE_DEBUG_INFO = INCLUDE_SOURCE;
				MTL_FAST_MATH = YES;
				ONLY_ACTIVE_ARCH = YES;
				SUPPORTED_PLATFORMS = "iOS macOS watchOS tvOS";
				SWIFT_ACTIVE_COMPILATION_CONDITIONS = DEBUG;
				SWIFT_OPTIMIZATION_LEVEL = "-Onone";
				TVOS_DEPLOYMENT_TARGET = 14.5;
				VERSIONING_SYSTEM = "apple-generic";
				VERSION_INFO_PREFIX = "";
				WATCHOS_DEPLOYMENT_TARGET = 7.5;
			};
			name = Debug;
		};
		502F0BCA28E790FA009CE053 /* Release */ = {
			isa = XCBuildConfiguration;
			buildSettings = {
				ALWAYS_SEARCH_USER_PATHS = NO;
				CLANG_ANALYZER_NONNULL = YES;
				CLANG_ANALYZER_NUMBER_OBJECT_CONVERSION = YES_AGGRESSIVE;
				CLANG_CXX_LANGUAGE_STANDARD = "gnu++20";
				CLANG_ENABLE_MODULES = YES;
				CLANG_ENABLE_OBJC_ARC = YES;
				CLANG_ENABLE_OBJC_WEAK = YES;
				CLANG_WARN_BLOCK_CAPTURE_AUTORELEASING = YES;
				CLANG_WARN_BOOL_CONVERSION = YES;
				CLANG_WARN_COMMA = YES;
				CLANG_WARN_CONSTANT_CONVERSION = YES;
				CLANG_WARN_DEPRECATED_OBJC_IMPLEMENTATIONS = YES;
				CLANG_WARN_DIRECT_OBJC_ISA_USAGE = YES_ERROR;
				CLANG_WARN_DOCUMENTATION_COMMENTS = YES;
				CLANG_WARN_EMPTY_BODY = YES;
				CLANG_WARN_ENUM_CONVERSION = YES;
				CLANG_WARN_INFINITE_RECURSION = YES;
				CLANG_WARN_INT_CONVERSION = YES;
				CLANG_WARN_NON_LITERAL_NULL_CONVERSION = YES;
				CLANG_WARN_OBJC_IMPLICIT_RETAIN_SELF = YES;
				CLANG_WARN_OBJC_LITERAL_CONVERSION = YES;
				CLANG_WARN_OBJC_ROOT_CLASS = YES_ERROR;
				CLANG_WARN_QUOTED_INCLUDE_IN_FRAMEWORK_HEADER = YES;
				CLANG_WARN_RANGE_LOOP_ANALYSIS = YES;
				CLANG_WARN_STRICT_PROTOTYPES = YES;
				CLANG_WARN_SUSPICIOUS_MOVE = YES;
				CLANG_WARN_UNGUARDED_AVAILABILITY = YES_AGGRESSIVE;
				CLANG_WARN_UNREACHABLE_CODE = YES;
				CLANG_WARN__DUPLICATE_METHOD_MATCH = YES;
				COPY_PHASE_STRIP = NO;
				CURRENT_PROJECT_VERSION = 1;
				DEBUG_INFORMATION_FORMAT = "dwarf-with-dsym";
				ENABLE_NS_ASSERTIONS = NO;
				ENABLE_STRICT_OBJC_MSGSEND = YES;
				GCC_C_LANGUAGE_STANDARD = gnu11;
				GCC_NO_COMMON_BLOCKS = YES;
				GCC_WARN_64_TO_32_BIT_CONVERSION = YES;
				GCC_WARN_ABOUT_RETURN_TYPE = YES_ERROR;
				GCC_WARN_UNDECLARED_SELECTOR = YES;
				GCC_WARN_UNINITIALIZED_AUTOS = YES_AGGRESSIVE;
				GCC_WARN_UNUSED_FUNCTION = YES;
				GCC_WARN_UNUSED_VARIABLE = YES;
				IPHONEOS_DEPLOYMENT_TARGET = 14.5;
				MACOSX_DEPLOYMENT_TARGET = 11.5;
				MTL_ENABLE_DEBUG_INFO = NO;
				MTL_FAST_MATH = YES;
				SUPPORTED_PLATFORMS = "iOS macOS watchOS tvOS";
				SWIFT_COMPILATION_MODE = wholemodule;
				SWIFT_OPTIMIZATION_LEVEL = "-O";
				TVOS_DEPLOYMENT_TARGET = 14.5;
				VALIDATE_PRODUCT = YES;
				VERSIONING_SYSTEM = "apple-generic";
				VERSION_INFO_PREFIX = "";
				WATCHOS_DEPLOYMENT_TARGET = 7.5;
			};
			name = Release;
		};
		502F0BCC28E790FA009CE053 /* Debug */ = {
			isa = XCBuildConfiguration;
			buildSettings = {
				CODE_SIGN_STYLE = Automatic;
				CURRENT_PROJECT_VERSION = 1;
				DEFINES_MODULE = YES;
				DYLIB_COMPATIBILITY_VERSION = 1;
				DYLIB_CURRENT_VERSION = 1;
				DYLIB_INSTALL_NAME_BASE = "@rpath";
				INFOPLIST_FILE = Sources/Cryptor/Info.plist;
				INFOPLIST_KEY_NSHumanReadableCopyright = "";
				INSTALL_PATH = "$(LOCAL_LIBRARY_DIR)/Frameworks";
				LD_RUNPATH_SEARCH_PATHS = (
					"$(inherited)",
					"@executable_path/Frameworks",
					"@loader_path/Frameworks",
				);
				MARKETING_VERSION = 1.0;
				PRODUCT_BUNDLE_IDENTIFIER = BlueCryptor.BlueCryptor;
				PRODUCT_NAME = "$(TARGET_NAME:c99extidentifier)";
				SDKROOT = macosx;
				SKIP_INSTALL = YES;
				SUPPORTED_PLATFORMS = macosx;
				SWIFT_EMIT_LOC_STRINGS = YES;
				SWIFT_VERSION = 5.0;
				TARGETED_DEVICE_FAMILY = "1,2";
			};
			name = Debug;
		};
		502F0BCD28E790FA009CE053 /* Release */ = {
			isa = XCBuildConfiguration;
			buildSettings = {
				CODE_SIGN_STYLE = Automatic;
				CURRENT_PROJECT_VERSION = 1;
				DEFINES_MODULE = YES;
				DYLIB_COMPATIBILITY_VERSION = 1;
				DYLIB_CURRENT_VERSION = 1;
				DYLIB_INSTALL_NAME_BASE = "@rpath";
				INFOPLIST_FILE = Sources/Cryptor/Info.plist;
				INFOPLIST_KEY_NSHumanReadableCopyright = "";
				INSTALL_PATH = "$(LOCAL_LIBRARY_DIR)/Frameworks";
				LD_RUNPATH_SEARCH_PATHS = (
					"$(inherited)",
					"@executable_path/Frameworks",
					"@loader_path/Frameworks",
				);
				MARKETING_VERSION = 1.0;
				PRODUCT_BUNDLE_IDENTIFIER = BlueCryptor.BlueCryptor;
				PRODUCT_NAME = "$(TARGET_NAME:c99extidentifier)";
				SDKROOT = macosx;
				SKIP_INSTALL = YES;
				SUPPORTED_PLATFORMS = macosx;
				SWIFT_EMIT_LOC_STRINGS = YES;
				SWIFT_VERSION = 5.0;
				TARGETED_DEVICE_FAMILY = "1,2";
			};
			name = Release;
		};
		502F0BCF28E790FA009CE053 /* Debug */ = {
			isa = XCBuildConfiguration;
			buildSettings = {
				ALWAYS_EMBED_SWIFT_STANDARD_LIBRARIES = YES;
				CODE_SIGN_STYLE = Automatic;
				CURRENT_PROJECT_VERSION = 1;
				GENERATE_INFOPLIST_FILE = YES;
				MARKETING_VERSION = 1.0;
				PRODUCT_BUNDLE_IDENTIFIER = BlueCryptor.BlueCryptorTests;
				PRODUCT_NAME = "$(TARGET_NAME)";
				SDKROOT = macosx;
				SUPPORTED_PLATFORMS = macosx;
				SUPPORTS_MACCATALYST = NO;
				SUPPORTS_MAC_DESIGNED_FOR_IPHONE_IPAD = NO;
				SWIFT_EMIT_LOC_STRINGS = NO;
				SWIFT_VERSION = 5.0;
				TARGETED_DEVICE_FAMILY = "1,2";
			};
			name = Debug;
		};
		502F0BD028E790FA009CE053 /* Release */ = {
			isa = XCBuildConfiguration;
			buildSettings = {
				ALWAYS_EMBED_SWIFT_STANDARD_LIBRARIES = YES;
				CODE_SIGN_STYLE = Automatic;
				CURRENT_PROJECT_VERSION = 1;
				GENERATE_INFOPLIST_FILE = YES;
				MARKETING_VERSION = 1.0;
				PRODUCT_BUNDLE_IDENTIFIER = BlueCryptor.BlueCryptorTests;
				PRODUCT_NAME = "$(TARGET_NAME)";
				SDKROOT = macosx;
				SUPPORTED_PLATFORMS = macosx;
				SUPPORTS_MACCATALYST = NO;
				SUPPORTS_MAC_DESIGNED_FOR_IPHONE_IPAD = NO;
				SWIFT_EMIT_LOC_STRINGS = NO;
				SWIFT_VERSION = 5.0;
				TARGETED_DEVICE_FAMILY = "1,2";
			};
			name = Release;
		};
		502F0C0C28E791F3009CE053 /* Debug */ = {
			isa = XCBuildConfiguration;
			buildSettings = {
				CODE_SIGN_STYLE = Automatic;
				CURRENT_PROJECT_VERSION = 1;
				DEFINES_MODULE = YES;
				DYLIB_COMPATIBILITY_VERSION = 1;
				DYLIB_CURRENT_VERSION = 1;
				DYLIB_INSTALL_NAME_BASE = "@rpath";
				GENERATE_INFOPLIST_FILE = YES;
				INFOPLIST_KEY_NSHumanReadableCopyright = "";
				INSTALL_PATH = "$(LOCAL_LIBRARY_DIR)/Frameworks";
				LD_RUNPATH_SEARCH_PATHS = (
					"$(inherited)",
					"@executable_path/Frameworks",
					"@loader_path/Frameworks",
				);
				MARKETING_VERSION = 1.0;
				PRODUCT_BUNDLE_IDENTIFIER = "Cryptor.Cryptor-iOS";
				PRODUCT_NAME = "$(TARGET_NAME:c99extidentifier)";
				SDKROOT = iphoneos;
				SKIP_INSTALL = YES;
				SUPPORTED_PLATFORMS = "iphonesimulator iphoneos";
				SWIFT_EMIT_LOC_STRINGS = YES;
				SWIFT_VERSION = 5.0;
				TARGETED_DEVICE_FAMILY = "1,2";
			};
			name = Debug;
		};
		502F0C0D28E791F3009CE053 /* Release */ = {
			isa = XCBuildConfiguration;
			buildSettings = {
				CODE_SIGN_STYLE = Automatic;
				CURRENT_PROJECT_VERSION = 1;
				DEFINES_MODULE = YES;
				DYLIB_COMPATIBILITY_VERSION = 1;
				DYLIB_CURRENT_VERSION = 1;
				DYLIB_INSTALL_NAME_BASE = "@rpath";
				GENERATE_INFOPLIST_FILE = YES;
				INFOPLIST_KEY_NSHumanReadableCopyright = "";
				INSTALL_PATH = "$(LOCAL_LIBRARY_DIR)/Frameworks";
				LD_RUNPATH_SEARCH_PATHS = (
					"$(inherited)",
					"@executable_path/Frameworks",
					"@loader_path/Frameworks",
				);
				MARKETING_VERSION = 1.0;
				PRODUCT_BUNDLE_IDENTIFIER = "Cryptor.Cryptor-iOS";
				PRODUCT_NAME = "$(TARGET_NAME:c99extidentifier)";
				SDKROOT = iphoneos;
				SKIP_INSTALL = YES;
				SUPPORTED_PLATFORMS = "iphonesimulator iphoneos";
				SWIFT_EMIT_LOC_STRINGS = YES;
				SWIFT_VERSION = 5.0;
				TARGETED_DEVICE_FAMILY = "1,2";
			};
			name = Release;
		};
		502F0C0F28E791F3009CE053 /* Debug */ = {
			isa = XCBuildConfiguration;
			buildSettings = {
				CODE_SIGN_STYLE = Automatic;
				CURRENT_PROJECT_VERSION = 1;
				GENERATE_INFOPLIST_FILE = YES;
				MARKETING_VERSION = 1.0;
				PRODUCT_BUNDLE_IDENTIFIER = "Cryptor.Cryptor-iOSTests";
				PRODUCT_NAME = "$(TARGET_NAME)";
				SDKROOT = iphoneos;
				SUPPORTED_PLATFORMS = "iphonesimulator iphoneos";
				SWIFT_EMIT_LOC_STRINGS = NO;
				SWIFT_VERSION = 5.0;
				TARGETED_DEVICE_FAMILY = "1,2";
			};
			name = Debug;
		};
		502F0C1028E791F3009CE053 /* Release */ = {
			isa = XCBuildConfiguration;
			buildSettings = {
				CODE_SIGN_STYLE = Automatic;
				CURRENT_PROJECT_VERSION = 1;
				GENERATE_INFOPLIST_FILE = YES;
				MARKETING_VERSION = 1.0;
				PRODUCT_BUNDLE_IDENTIFIER = "Cryptor.Cryptor-iOSTests";
				PRODUCT_NAME = "$(TARGET_NAME)";
				SDKROOT = iphoneos;
				SUPPORTED_PLATFORMS = "iphonesimulator iphoneos";
				SWIFT_EMIT_LOC_STRINGS = NO;
				SWIFT_VERSION = 5.0;
				TARGETED_DEVICE_FAMILY = "1,2";
			};
			name = Release;
		};
/* End XCBuildConfiguration section */

/* Begin XCConfigurationList section */
		502F0BB328E790F9009CE053 /* Build configuration list for PBXProject "BlueCryptor" */ = {
			isa = XCConfigurationList;
			buildConfigurations = (
				502F0BC928E790FA009CE053 /* Debug */,
				502F0BCA28E790FA009CE053 /* Release */,
			);
			defaultConfigurationIsVisible = 0;
			defaultConfigurationName = Release;
		};
		502F0BCB28E790FA009CE053 /* Build configuration list for PBXNativeTarget "Cryptor" */ = {
			isa = XCConfigurationList;
			buildConfigurations = (
				502F0BCC28E790FA009CE053 /* Debug */,
				502F0BCD28E790FA009CE053 /* Release */,
			);
			defaultConfigurationIsVisible = 0;
			defaultConfigurationName = Release;
		};
		502F0BCE28E790FA009CE053 /* Build configuration list for PBXNativeTarget "CryptorTests" */ = {
			isa = XCConfigurationList;
			buildConfigurations = (
				502F0BCF28E790FA009CE053 /* Debug */,
				502F0BD028E790FA009CE053 /* Release */,
			);
			defaultConfigurationIsVisible = 0;
			defaultConfigurationName = Release;
		};
		502F0C0B28E791F3009CE053 /* Build configuration list for PBXNativeTarget "Cryptor-iOS" */ = {
			isa = XCConfigurationList;
			buildConfigurations = (
				502F0C0C28E791F3009CE053 /* Debug */,
				502F0C0D28E791F3009CE053 /* Release */,
			);
			defaultConfigurationIsVisible = 0;
			defaultConfigurationName = Release;
		};
		502F0C0E28E791F3009CE053 /* Build configuration list for PBXNativeTarget "Cryptor-iOSTests" */ = {
			isa = XCConfigurationList;
			buildConfigurations = (
				502F0C0F28E791F3009CE053 /* Debug */,
				502F0C1028E791F3009CE053 /* Release */,
			);
			defaultConfigurationIsVisible = 0;
			defaultConfigurationName = Release;
		};
/* End XCConfigurationList section */
	};
	rootObject = 502F0BB028E790F9009CE053 /* Project object */;
}
